
Microsoft Visual Studio Solution File, Format Version 12.00
# Visual Studio Version 17
VisualStudioVersion = 17.10.35027.167
MinimumVisualStudioVersion = 10.0.40219.1
Project("{FAE04EC0-301F-11D3-BF4B-00C04F79EFBC}") = "WPFOfficeProject", "WPFOfficeProject.csproj", "{5EC87CD2-D6A0-4799-AA74-A7E2FCE42B18}"
EndProject
Global
	GlobalSection(SolutionConfigurationPlatforms) = preSolution
		Debug|Any CPU = Debug|Any CPU
		Release|Any CPU = Release|Any CPU
	EndGlobalSection
	GlobalSection(ProjectConfigurationPlatforms) = postSolution
		{5EC87CD2-D6A0-4799-AA74-A7E2FCE42B18}.Debug|Any CPU.ActiveCfg = Debug|Any CPU
		{5EC87CD2-D6A0-4799-AA74-A7E2FCE42B18}.Debug|Any CPU.Build.0 = Debug|Any CPU
		{5EC87CD2-D6A0-4799-AA74-A7E2FCE42B18}.Release|Any CPU.ActiveCfg = Release|Any CPU
		{5EC87CD2-D6A0-4799-AA74-A7E2FCE42B18}.Release|Any CPU.Build.0 = Release|Any CPU
	EndGlobalSection
	GlobalSection(SolutionProperties) = preSolution
		HideSolutionNode = FALSE
	EndGlobalSection
	GlobalSection(ExtensibilityGlobals) = postSolution
		SolutionGuid = {7AC661C1-91A9-403E-B2F7-4D6CBB06CCA2}
	EndGlobalSection
EndGlobal
